PODS:
  - Alamofire (4.7.3)
  - Kanna (2.0.0)

DEPENDENCIES:
  - Alamofire (~> 4.7)
  - Kanna (~> 2.0.0)

SPEC REPOS:
  https://github.com/cocoapods/specs.git:
    - Alamofire
    - Kanna

SPEC CHECKSUMS:
  Alamofire: c7287b6e5d7da964a70935e5db17046b7fde6568
  Kanna: 9a6637f72f5c77fe9c045b1efb2a5bb074754af8

PODFILE CHECKSUM: b856a5f5bf1315e4aa4c7aeafd346ecd797d67b3

COCOAPODS: 1.5.3
