// !$*UTF8*$!
{
	archiveVersion = 1;
	classes = {
	};
	objectVersion = 48;
	objects = {

/* Begin PBXBuildFile section */
		76D60F46213B3E5F00AD5615 /* AppDelegate.swift in Sources */ = {isa = PBXBuildFile; fileRef = 76D60F45213B3E5F00AD5615 /* AppDelegate.swift */; };
		76D60F48213B3E5F00AD5615 /* ViewController.swift in Sources */ = {isa = PBXBuildFile; fileRef = 76D60F47213B3E5F00AD5615 /* ViewController.swift */; };
		76D60F4B213B3E5F00AD5615 /* Main.storyboard in Resources */ = {isa = PBXBuildFile; fileRef = 76D60F49213B3E5F00AD5615 /* Main.storyboard */; };
		76D60F4E213B3E5F00AD5615 /* Verhuisdieren.xcdatamodeld in Sources */ = {isa = PBXBuildFile; fileRef = 76D60F4C213B3E5F00AD5615 /* Verhuisdieren.xcdatamodeld */; };
		76D60F50213B3E5F00AD5615 /* Assets.xcassets in Resources */ = {isa = PBXBuildFile; fileRef = 76D60F4F213B3E5F00AD5615 /* Assets.xcassets */; };
		76D60F53213B3E5F00AD5615 /* LaunchScreen.storyboard in Resources */ = {isa = PBXBuildFile; fileRef = 76D60F51213B3E5F00AD5615 /* LaunchScreen.storyboard */; };
/* End PBXBuildFile section */

/* Begin PBXFileReference section */
		76D60F42213B3E5F00AD5615 /* Verhuisdieren.app */ = {isa = PBXFileReference; explicitFileType = wrapper.application; includeInIndex = 0; path = Verhuisdieren.app; sourceTree = BUILT_PRODUCTS_DIR; };
		76D60F45213B3E5F00AD5615 /* AppDelegate.swift */ = {isa = PBXFileReference; lastKnownFileType = sourcecode.swift; path = AppDelegate.swift; sourceTree = "<group>"; };
		76D60F47213B3E5F00AD5615 /* ViewController.swift */ = {isa = PBXFileReference; lastKnownFileType = sourcecode.swift; path = ViewController.swift; sourceTree = "<group>"; };
		76D60F4A213B3E5F00AD5615 /* Base */ = {isa = PBXFileReference; lastKnownFileType = file.storyboard; name = Base; path = Base.lproj/Main.storyboard; sourceTree = "<group>"; };
		76D60F4D213B3E5F00AD5615 /* Verhuisdieren.xcdatamodel */ = {isa = PBXFileReference; lastKnownFileType = wrapper.xcdatamodel; path = Verhuisdieren.xcdatamodel; sourceTree = "<group>"; };
		76D60F4F213B3E5F00AD5615 /* Assets.xcassets */ = {isa = PBXFileReference; lastKnownFileType = folder.assetcatalog; path = Assets.xcassets; sourceTree = "<group>"; };
		76D60F52213B3E5F00AD5615 /* Base */ = {isa = PBXFileReference; lastKnownFileType = file.storyboard; name = Base; path = Base.lproj/LaunchScreen.storyboard; sourceTree = "<group>"; };
		76D60F54213B3E5F00AD5615 /* Info.plist */ = {isa = PBXFileReference; lastKnownFileType = text.plist.xml; path = Info.plist; sourceTree = "<group>"; };
/* End PBXFileReference section */

/* Begin PBXFrameworksBuildPhase section */
		76D60F3F213B3E5F00AD5615 /* Frameworks */ = {
			isa = PBXFrameworksBuildPhase;
			buildActionMask = 2147483647;
			files = (
			);
			runOnlyForDeploymentPostprocessing = 0;
		};
/* End PBXFrameworksBuildPhase section */

/* Begin PBXGroup section */
		76D60F39213B3E5F00AD5615 = {
			isa = PBXGroup;
			children = (
				76D60F44213B3E5F00AD5615 /* Verhuisdieren */,
				76D60F43213B3E5F00AD5615 /* Products */,
			);
			sourceTree = "<group>";
		};
		76D60F43213B3E5F00AD5615 /* Products */ = {
			isa = PBXGroup;
			children = (
				76D60F42213B3E5F00AD5615 /* Verhuisdieren.app */,
			);
			name = Products;
			sourceTree = "<group>";
		};
		76D60F44213B3E5F00AD5615 /* Verhuisdieren */ = {
			isa = PBXGroup;
			children = (
				76D60F45213B3E5F00AD5615 /* AppDelegate.swift */,
				76D60F47213B3E5F00AD5615 /* ViewController.swift */,
				76D60F49213B3E5F00AD5615 /* Main.storyboard */,
				76D60F4F213B3E5F00AD5615 /* Assets.xcassets */,
				76D60F51213B3E5F00AD5615 /* LaunchScreen.storyboard */,
				76D60F54213B3E5F00AD5615 /* Info.plist */,
				76D60F4C213B3E5F00AD5615 /* Verhuisdieren.xcdatamodeld */,
			);
			path = Verhuisdieren;
			sourceTree = "<group>";
		};
/* End PBXGroup section */

/* Begin PBXNativeTarget section */
		76D60F41213B3E5F00AD5615 /* Verhuisdieren */ = {
			isa = PBXNativeTarget;
			buildConfigurationList = 76D60F57213B3E5F00AD5615 /* Build configuration list for PBXNativeTarget "Verhuisdieren" */;
			buildPhases = (
				76D60F3E213B3E5F00AD5615 /* Sources */,
				76D60F3F213B3E5F00AD5615 /* Frameworks */,
				76D60F40213B3E5F00AD5615 /* Resources */,
			);
			buildRules = (
			);
			dependencies = (
			);
			name = Verhuisdieren;
			productName = Verhuisdieren;
			productReference = 76D60F42213B3E5F00AD5615 /* Verhuisdieren.app */;
			productType = "com.apple.product-type.application";
		};
/* End PBXNativeTarget section */

/* Begin PBXProject section */
		76D60F3A213B3E5F00AD5615 /* Project object */ = {
			isa = PBXProject;
			attributes = {
				LastSwiftUpdateCheck = 0920;
				LastUpgradeCheck = 0920;
				ORGANIZATIONNAME = "Thijs Molenaar";
				TargetAttributes = {
					76D60F41213B3E5F00AD5615 = {
						CreatedOnToolsVersion = 9.2;
						ProvisioningStyle = Automatic;
					};
				};
			};
			buildConfigurationList = 76D60F3D213B3E5F00AD5615 /* Build configuration list for PBXProject "Verhuisdieren" */;
			compatibilityVersion = "Xcode 8.0";
			developmentRegion = en;
			hasScannedForEncodings = 0;
			knownRegions = (
				en,
				Base,
			);
			mainGroup = 76D60F39213B3E5F00AD5615;
			productRefGroup = 76D60F43213B3E5F00AD5615 /* Products */;
			projectDirPath = "";
			projectRoot = "";
			targets = (
				76D60F41213B3E5F00AD5615 /* Verhuisdieren */,
			);
		};
/* End PBXProject section */

/* Begin PBXResourcesBuildPhase section */
		76D60F40213B3E5F00AD5615 /* Resources */ = {
			isa = PBXResourcesBuildPhase;
			buildActionMask = 2147483647;
			files = (
				76D60F53213B3E5F00AD5615 /* LaunchScreen.storyboard in Resources */,
				76D60F50213B3E5F00AD5615 /* Assets.xcassets in Resources */,
				76D60F4B213B3E5F00AD5615 /* Main.storyboard in Resources */,
			);
			runOnlyForDeploymentPostprocessing = 0;
		};
/* End PBXResourcesBuildPhase section */

/* Begin PBXSourcesBuildPhase section */
		76D60F3E213B3E5F00AD5615 /* Sources */ = {
			isa = PBXSourcesBuildPhase;
			buildActionMask = 2147483647;
			files = (
				76D60F48213B3E5F00AD5615 /* ViewController.swift in Sources */,
				76D60F46213B3E5F00AD5615 /* AppDelegate.swift in Sources */,
				76D60F4E213B3E5F00AD5615 /* Verhuisdieren.xcdatamodeld in Sources */,
			);
			runOnlyForDeploymentPostprocessing = 0;
		};
/* End PBXSourcesBuildPhase section */

/* Begin PBXVariantGroup section */
		76D60F49213B3E5F00AD5615 /* Main.storyboard */ = {
			isa = PBXVariantGroup;
			children = (
				76D60F4A213B3E5F00AD5615 /* Base */,
			);
			name = Main.storyboard;
			sourceTree = "<group>";
		};
		76D60F51213B3E5F00AD5615 /* LaunchScreen.storyboard */ = {
			isa = PBXVariantGroup;
			children = (
				76D60F52213B3E5F00AD5615 /* Base */,
			);
			name = LaunchScreen.storyboard;
			sourceTree = "<group>";
		};
/* End PBXVariantGroup section */

/* Begin XCBuildConfiguration section */
		76D60F55213B3E5F00AD5615 /* Debug */ = {
			isa = XCBuildConfiguration;
			buildSettings = {
				ALWAYS_SEARCH_USER_PATHS = NO;
				CLANG_ANALYZER_NONNULL = YES;
				CLANG_ANALYZER_NUMBER_OBJECT_CONVERSION = YES_AGGRESSIVE;
				CLANG_CXX_LANGUAGE_STANDARD = "gnu++14";
				CLANG_CXX_LIBRARY = "libc++";
				CLANG_ENABLE_MODULES = YES;
				CLANG_ENABLE_OBJC_ARC = YES;
				CLANG_WARN_BLOCK_CAPTURE_AUTORELEASING = YES;
				CLANG_WARN_BOOL_CONVERSION = YES;
				CLANG_WARN_COMMA = YES;
				CLANG_WARN_CONSTANT_CONVERSION = YES;
				CLANG_WARN_DIRECT_OBJC_ISA_USAGE = YES_ERROR;
				CLANG_WARN_DOCUMENTATION_COMMENTS = YES;
				CLANG_WARN_EMPTY_BODY = YES;
				CLANG_WARN_ENUM_CONVERSION = YES;
				CLANG_WARN_INFINITE_RECURSION = YES;
				CLANG_WARN_INT_CONVERSION = YES;
				CLANG_WARN_NON_LITERAL_NULL_CONVERSION = YES;
				CLANG_WARN_OBJC_LITERAL_CONVERSION = YES;
				CLANG_WARN_OBJC_ROOT_CLASS = YES_ERROR;
				CLANG_WARN_RANGE_LOOP_ANALYSIS = YES;
				CLANG_WARN_STRICT_PROTOTYPES = YES;
				CLANG_WARN_SUSPICIOUS_MOVE = YES;
				CLANG_WARN_UNGUARDED_AVAILABILITY = YES_AGGRESSIVE;
				CLANG_WARN_UNREACHABLE_CODE = YES;
				CLANG_WARN__DUPLICATE_METHOD_MATCH = YES;
				CODE_SIGN_IDENTITY = "iPhone Developer";
				COPY_PHASE_STRIP = NO;
				DEBUG_INFORMATION_FORMAT = dwarf;
				ENABLE_STRICT_OBJC_MSGSEND = YES;
				ENABLE_TESTABILITY = YES;
				GCC_C_LANGUAGE_STANDARD = gnu11;
				GCC_DYNAMIC_NO_PIC = NO;
				GCC_NO_COMMON_BLOCKS = YES;
				GCC_OPTIMIZATION_LEVEL = 0;
				GCC_PREPROCESSOR_DEFINITIONS = (
					"DEBUG=1",
					"$(inherited)",
				);
				GCC_WARN_64_TO_32_BIT_CONVERSION = YES;
				GCC_WARN_ABOUT_RETURN_TYPE = YES_ERROR;
				GCC_WARN_UNDECLARED_SELECTOR = YES;
				GCC_WARN_UNINITIALIZED_AUTOS = YES_AGGRESSIVE;
				GCC_WARN_UNUSED_FUNCTION = YES;
				GCC_WARN_UNUSED_VARIABLE = YES;
				IPHONEOS_DEPLOYMENT_TARGET = 11.2;
				MTL_ENABLE_DEBUG_INFO = YES;
				ONLY_ACTIVE_ARCH = YES;
				SDKROOT = iphoneos;
				SWIFT_ACTIVE_COMPILATION_CONDITIONS = DEBUG;
				SWIFT_OPTIMIZATION_LEVEL = "-Onone";
			};
			name = Debug;
		};
		76D60F56213B3E5F00AD5615 /* Release */ = {
			isa = XCBuildConfiguration;
			buildSettings = {
				ALWAYS_SEARCH_USER_PATHS = NO;
				CLANG_ANALYZER_NONNULL = YES;
				CLANG_ANALYZER_NUMBER_OBJECT_CONVERSION = YES_AGGRESSIVE;
				CLANG_CXX_LANGUAGE_STANDARD = "gnu++14";
				CLANG_CXX_LIBRARY = "libc++";
				CLANG_ENABLE_MODULES = YES;
				CLANG_ENABLE_OBJC_ARC = YES;
				CLANG_WARN_BLOCK_CAPTURE_AUTORELEASING = YES;
				CLANG_WARN_BOOL_CONVERSION = YES;
				CLANG_WARN_COMMA = YES;
				CLANG_WARN_CONSTANT_CONVERSION = YES;
				CLANG_WARN_DIRECT_OBJC_ISA_USAGE = YES_ERROR;
				CLANG_WARN_DOCUMENTATION_COMMENTS = YES;
				CLANG_WARN_EMPTY_BODY = YES;
				CLANG_WARN_ENUM_CONVERSION = YES;
				CLANG_WARN_INFINITE_RECURSION = YES;
				CLANG_WARN_INT_CONVERSION = YES;
				CLANG_WARN_NON_LITERAL_NULL_CONVERSION = YES;
				CLANG_WARN_OBJC_LITERAL_CONVERSION = YES;
				CLANG_WARN_OBJC_ROOT_CLASS = YES_ERROR;
				CLANG_WARN_RANGE_LOOP_ANALYSIS = YES;
				CLANG_WARN_STRICT_PROTOTYPES = YES;
				CLANG_WARN_SUSPICIOUS_MOVE = YES;
				CLANG_WARN_UNGUARDED_AVAILABILITY = YES_AGGRESSIVE;
				CLANG_WARN_UNREACHABLE_CODE = YES;
				CLANG_WARN__DUPLICATE_METHOD_MATCH = YES;
				CODE_SIGN_IDENTITY = "iPhone Developer";
				COPY_PHASE_STRIP = NO;
				DEBUG_INFORMATION_FORMAT = "dwarf-with-dsym";
				ENABLE_NS_ASSERTIONS = NO;
				ENABLE_STRICT_OBJC_MSGSEND = YES;
				GCC_C_LANGUAGE_STANDARD = gnu11;
				GCC_NO_COMMON_BLOCKS = YES;
				GCC_WARN_64_TO_32_BIT_CONVERSION = YES;
				GCC_WARN_ABOUT_RETURN_TYPE = YES_ERROR;
				GCC_WARN_UNDECLARED_SELECTOR = YES;
				GCC_WARN_UNINITIALIZED_AUTOS = YES_AGGRESSIVE;
				GCC_WARN_UNUSED_FUNCTION = YES;
				GCC_WARN_UNUSED_VARIABLE = YES;
				IPHONEOS_DEPLOYMENT_TARGET = 11.2;
				MTL_ENABLE_DEBUG_INFO = NO;
				SDKROOT = iphoneos;
				SWIFT_OPTIMIZATION_LEVEL = "-Owholemodule";
				VALIDATE_PRODUCT = YES;
			};
			name = Release;
		};
		76D60F58213B3E5F00AD5615 /* Debug */ = {
			isa = XCBuildConfiguration;
			buildSettings = {
				ASSETCATALOG_COMPILER_APPICON_NAME = AppIcon;
				CODE_SIGN_STYLE = Automatic;
				DEVELOPMENT_TEAM = 6593SHK4C7;
				INFOPLIST_FILE = Verhuisdieren/Info.plist;
				IPHONEOS_DEPLOYMENT_TARGET = 10.0;
				LD_RUNPATH_SEARCH_PATHS = "$(inherited) @executable_path/Frameworks";
				PRODUCT_BUNDLE_IDENTIFIER = thijsmolenaar.Verhuisdieren;
				PRODUCT_NAME = "$(TARGET_NAME)";
				SWIFT_VERSION = 4.0;
				TARGETED_DEVICE_FAMILY = 1;
			};
			name = Debug;
		};
		76D60F59213B3E5F00AD5615 /* Release */ = {
			isa = XCBuildConfiguration;
			buildSettings = {
				ASSETCATALOG_COMPILER_APPICON_NAME = AppIcon;
				CODE_SIGN_STYLE = Automatic;
				DEVELOPMENT_TEAM = 6593SHK4C7;
				INFOPLIST_FILE = Verhuisdieren/Info.plist;
				IPHONEOS_DEPLOYMENT_TARGET = 10.0;
				LD_RUNPATH_SEARCH_PATHS = "$(inherited) @executable_path/Frameworks";
				PRODUCT_BUNDLE_IDENTIFIER = thijsmolenaar.Verhuisdieren;
				PRODUCT_NAME = "$(TARGET_NAME)";
				SWIFT_VERSION = 4.0;
				TARGETED_DEVICE_FAMILY = 1;
			};
			name = Release;
		};
/* End XCBuildConfiguration section */

/* Begin XCConfigurationList section */
		76D60F3D213B3E5F00AD5615 /* Build configuration list for PBXProject "Verhuisdieren" */ = {
			isa = XCConfigurationList;
			buildConfigurations = (
				76D60F55213B3E5F00AD5615 /* Debug */,
				76D60F56213B3E5F00AD5615 /* Release */,
			);
			defaultConfigurationIsVisible = 0;
			defaultConfigurationName = Release;
		};
		76D60F57213B3E5F00AD5615 /* Build configuration list for PBXNativeTarget "Verhuisdieren" */ = {
			isa = XCConfigurationList;
			buildConfigurations = (
				76D60F58213B3E5F00AD5615 /* Debug */,
				76D60F59213B3E5F00AD5615 /* Release */,
			);
			defaultConfigurationIsVisible = 0;
			defaultConfigurationName = Release;
		};
/* End XCConfigurationList section */

/* Begin XCVersionGroup section */
		76D60F4C213B3E5F00AD5615 /* Verhuisdieren.xcdatamodeld */ = {
			isa = XCVersionGroup;
			children = (
				76D60F4D213B3E5F00AD5615 /* Verhuisdieren.xcdatamodel */,
			);
			currentVersion = 76D60F4D213B3E5F00AD5615 /* Verhuisdieren.xcdatamodel */;
			path = Verhuisdieren.xcdatamodeld;
			sourceTree = "<group>";
			versionGroupType = wrapper.xcdatamodel;
		};
/* End XCVersionGroup section */
	};
	rootObject = 76D60F3A213B3E5F00AD5615 /* Project object */;
}
